
Microsoft Visual Studio Solution File, Format Version 12.00
# Visual Studio Version 17
VisualStudioVersion = 17.9.34723.18
MinimumVisualStudioVersion = 10.0.40219.1
Project("{FAE04EC0-301F-11D3-BF4B-00C04F79EFBC}") = "DotNetWithSQLiteUsingDapper", "DotNetWithSQLiteUsingDapper\DotNetWithSQLiteUsingDapper.csproj", "{AD5D877D-C908-48D4-A8E7-D9E4CD164D13}"
EndProject
Global
	GlobalSection(SolutionConfigurationPlatforms) = preSolution
		Debug|Any CPU = Debug|Any CPU
		Release|Any CPU = Release|Any CPU
	EndGlobalSection
	GlobalSection(ProjectConfigurationPlatforms) = postSolution
		{AD5D877D-C908-48D4-A8E7-D9E4CD164D13}.Debug|Any CPU.ActiveCfg = Debug|Any CPU
		{AD5D877D-C908-48D4-A8E7-D9E4CD164D13}.Debug|Any CPU.Build.0 = Debug|Any CPU
		{AD5D877D-C908-48D4-A8E7-D9E4CD164D13}.Release|Any CPU.ActiveCfg = Release|Any CPU
		{AD5D877D-C908-48D4-A8E7-D9E4CD164D13}.Release|Any CPU.Build.0 = Release|Any CPU
	EndGlobalSection
	GlobalSection(SolutionProperties) = preSolution
		HideSolutionNode = FALSE
	EndGlobalSection
	GlobalSection(ExtensibilityGlobals) = postSolution
		SolutionGuid = {4E0D60EE-C87C-4976-9E62-57A998578F18}
	EndGlobalSection
EndGlobal
